{
  "name": "ai-productivity-radar",
  "version": "1.0.0",
  "lockfileVersion": 3,
  "requires": true,
  "packages": {
    "": {
      "name": "ai-productivity-radar",
      "version": "1.0.0",
      "dependencies": {},
      "devDependencies": {
        "ajv": "^8.12.0",
        "axios": "^1.6.2"
      }
    },
    "node_modules/ajv": {
      "version": "8.12.0",
      "resolved": "https://registry.npmjs.org/ajv/-/ajv-8.12.0.tgz",
      "integrity": "sha512-YTFXa9Kw2HjED4d51j5K8JX2vfi8Q7Z+J7zXwJ4U6p6U9+T1JdX9L8L5Bp9+QrtJHS0Kw03R8R8YBw==",
      "requires": {
        "fast-deep-equal": "^3.1.3",
        "json-schema-traverse": "^1.0.0",
        "require-from-string": "^2.0.2",
        "uri-js": "^4.4.1"
      }
    },
    "node_modules/ajv/node_modules/fast-deep-equal": {
      "version": "3.1.3",
      "resolved": "https://registry.npmjs.org/fast-deep-equal/-/fast-deep-equal-3.1.3.tgz",
      "integrity": "sha512-f3qQ9oQy9j2AtcVLBIQV7y4X23qZhYtU0UIgDBFA1H4y9X29Q=="
    },
    "node_modules/ajv/node_modules/json-schema-traverse": {
      "version": "1.0.0",
      "resolved": "https://registry.npmjs.org/json-schema-traverse/-/json-schema-traverse-1.0.0.tgz",
      "integrity": "sha512-NM8/P1V1A8005N8/2E290e17226278d22e5241b82f670887307441d89a770434854815537349120"
    },
    "node_modules/ajv/node_modules/require-from-string": {
      "version": "2.0.2",
      "resolved": "https://registry.npmjs.org/require-from-string/-/require-from-string-2.0.2.tgz",
      "integrity": "sha512-Xf0nWe6RseziFMu+Ap9biiU5gW3aLyn9ebUsd4qfZ8u29otM7T8iT03wM2cQXw7v8o4gWyAEXZCHpH1Fl28H8A=="
    },
    "node_modules/ajv/node_modules/uri-js": {
      "version": "4.4.1",
      "resolved": "https://registry.npmjs.org/uri-js/-/uri-js-4.4.1.tgz",
      "integrity": "sha512-7rKUyy33Q1yc98pQ1DAmLtwX109F7TIfWlW1Ydo8Wl1ii1SeHieeh0HHfPeL2fMXK6z0s8ecKs9frCuLJvndBg==",
      "requires": {
        "punycode": "^2.1.0"
      }
    },
    "node_modules/ajv/node_modules/uri-js/node_modules/punycode": {
      "version": "2.3.0",
      "resolved": "https://registry.npmjs.org/punycode/-/punycode-2.3.0.tgz",
      "integrity": "sha512-rRV+zQD8tVFys26lAGR9WUuS4iUAngJScM+ZRSKtvl5tNd2pUNs53bJBE2W7RynlEw61C7Ef4tRpQdcpqJdLw=="
    },
    "node_modules/axios": {
      "version": "1.6.2",
      "resolved": "https://registry.npmjs.org/axios/-/axios-1.6.2.tgz",
      "integrity": "sha512-b94b77299360341282b572847304d414618856589350d2793321992553085676549669ff11980a5b39847917c88579459925783327435d995372998",
      "requires": {
        "follow-redirects": "^1.15.2",
        "form-data": "^4.0.0",
        "proxy-from-env": "^1.1.0"
      }
    },
    "node_modules/axios/node_modules/follow-redirects": {
      "version": "1.15.2",
      "resolved": "https://registry.npmjs.org/follow-redirects/-/follow-redirects-1.15.2.tgz",
      "integrity": "sha512-7Z67V18R6x8106QG208CC7b294887291ab491ad7979583a00052eb7e58810221433554878xA=="
    },
    "node_modules/axios/node_modules/form-data": {
      "version": "4.0.0",
      "resolved": "https://registry.npmjs.org/form-data/-/form-data-4.0.0.tgz",
      "integrity": "sha512-ETEklSGi590rQaLi76QNJYJr2or5L7z0YB405o6qVfQR3K1Po5jEwZKPlZpkYwL1cC0F5Pf79YV53Q==",
      "requires": {
        "asynckit": "^0.4.0",
        "combined-stream": "^1.0.8",
        "mime-types": "^2.1.35"
      }
    },
    "node_modules/axios/node_modules/asynckit": {
      "version": "0.4.0",
      "resolved": "https://registry.npmjs.org/asynckit/-/asynckit-0.4.0.tgz",
      "integrity": "sha512-Oei9OH4tRh0YqU3GxhX79dM/mwVgvbN8UStCBq272QpQafc7u7LQQeJ1QP5DAwGPpNE4jfv+Vc75X8p5L6fg8e3d20h07e5V09e1259357896B32473a7889"
    },
    "node_modules/axios/node_modules/combined-stream": {
      "version": "1.0.8",
      "resolved": "https://registry.npmjs.org/combined-stream/-/combined-stream-1.0.8.tgz",
      "integrity": "sha512-FQN4MRfuJeHf7cBbBMJFcJqS1539k759qP475x75X8p5L6fg8e3d20h07e5V09e1259357896B3247349120"
    },
    "node_modules/axios/node_modules/mime-types": {
      "version": "2.1.35",
      "resolved": "https://registry.npmjs.org/mime-types/-/mime-types-2.1.35.tgz",
      "integrity": "sha512-ZDZhW2Jx2P/89B0F4L449U6USX2K03Y025A7V6dA6Q5X7585944d92F1584423477256444D405923"
    },
    "node_modules/axios/node_modules/proxy-from-env": {
      "version": "1.1.0",
      "resolved": "https://registry.npmjs.org/proxy-from-env/-/proxy-from-env-1.1.0.tgz",
      "integrity": "sha512-D+zkORCbA9f1d2c5z3EfNpc5tqan+145aTQ75Xe+J59Q6p78M781iJbf565d493Y60s0F92A=="
    }
  },
  "dependencies": {}
}